{
  "name": "sprintx",
  "lockfileVersion": 3,
  "requires": true,
  "packages": {
    "": {
      "dependencies": {
        "@ngrx/effects": "^18.0.1",
        "@ngrx/store": "^18.0.2",
        "@ngrx/store-devtools": "^18.0.1"
      }
    },
    "node_modules/@angular/core": {
      "version": "18.1.2",
      "resolved": "https://registry.npmjs.org/@angular/core/-/core-18.1.2.tgz",
      "integrity": "sha512-/wiewpA8KpEkXf3E/Q0+0H3Dgg5zCG/+vzAUVIOGP+0tYk8no0NUecHyXLjz0hRQOJ6a3zMKVtZO3wYl8WNGEg==",
      "peer": true,
      "dependencies": {
        "tslib": "^2.3.0"
      },
      "engines": {
        "node": "^18.19.1 || ^20.11.1 || >=22.0.0"
      },
      "peerDependencies": {
        "rxjs": "^6.5.3 || ^7.4.0",
        "zone.js": "~0.14.0"
      }
    },
    "node_modules/@ngrx/effects": {
      "version": "18.0.1",
      "resolved": "https://registry.npmjs.org/@ngrx/effects/-/effects-18.0.1.tgz",
      "integrity": "sha512-ESxJYx31uABixtnWcuDY+HLKyqXKABpPG3LPDMyZrj7lIdjCaTk471QMhRZOme8QQKzlJt0drGfzFo3FM+QYuA==",
      "dependencies": {
        "@ngrx/operators": "18.0.1",
        "tslib": "^2.0.0"
      },
      "peerDependencies": {
        "@angular/core": "^18.0.0",
        "@ngrx/store": "18.0.1",
        "rxjs": "^6.5.3 || ^7.5.0"
      }
    },
    "node_modules/@ngrx/operators": {
      "version": "18.0.1",
      "resolved": "https://registry.npmjs.org/@ngrx/operators/-/operators-18.0.1.tgz",
      "integrity": "sha512-M+QMrHNKgcuiLaRGZxJ4aQi5/OCRfKC4+T/63dsHyLFZ53/FFpF6a/ytSO1Q+tzOplZ5o99S+i8FVaZqNQ3LmQ==",
      "dependencies": {
        "tslib": "^2.3.0"
      },
      "peerDependencies": {
        "rxjs": "^6.5.3 || ^7.4.0"
      }
    },
    "node_modules/@ngrx/store": {
      "version": "18.0.2",
      "resolved": "https://registry.npmjs.org/@ngrx/store/-/store-18.0.2.tgz",
      "integrity": "sha512-ajwv0+njsO4vzArp9esnFvs1wyUb1U1W8E8LSCKrcW2hWWo9o1Pezj+JRsdQwatxHfrrPFuTDyajsl6GQM/JSA==",
      "dependencies": {
        "tslib": "^2.0.0"
      },
      "peerDependencies": {
        "@angular/core": "^18.0.0",
        "rxjs": "^6.5.3 || ^7.5.0"
      }
    },
    "node_modules/@ngrx/store-devtools": {
      "version": "18.0.1",
      "resolved": "https://registry.npmjs.org/@ngrx/store-devtools/-/store-devtools-18.0.1.tgz",
      "integrity": "sha512-necHUUcLd41mpObOSuyGQSVyDq4Tb+uejG16WmA6VwXufaUqEl385aumKiS1KLtUP8TQQzogaogaMMDtqtznsQ==",
      "dependencies": {
        "tslib": "^2.0.0"
      },
      "peerDependencies": {
        "@ngrx/store": "18.0.1",
        "rxjs": "^6.5.3 || ^7.5.0"
      }
    },
    "node_modules/rxjs": {
      "version": "7.8.1",
      "resolved": "https://registry.npmjs.org/rxjs/-/rxjs-7.8.1.tgz",
      "integrity": "sha512-AA3TVj+0A2iuIoQkWEK/tqFjBq2j+6PO6Y0zJcvzLAFhEFIO3HL0vls9hWLncZbAAbK0mar7oZ4V079I/qPMxg==",
      "peer": true,
      "dependencies": {
        "tslib": "^2.1.0"
      }
    },
    "node_modules/tslib": {
      "version": "2.6.3",
      "resolved": "https://registry.npmjs.org/tslib/-/tslib-2.6.3.tgz",
      "integrity": "sha512-xNvxJEOUiWPGhUuUdQgAJPKOOJfGnIyKySOc09XkKsgdUV/3E2zvwZYdejjmRgPCgcym1juLH3226yA7sEFJKQ=="
    },
    "node_modules/zone.js": {
      "version": "0.14.8",
      "resolved": "https://registry.npmjs.org/zone.js/-/zone.js-0.14.8.tgz",
      "integrity": "sha512-48uh7MnVp4/OQDuCHeFdXw5d8xwPqFTvlHgPJ1LBFb5GaustLSZV+YUH0to5ygNyGpqTsjpbpt141U/j3pCfqQ==",
      "peer": true
    }
  }
}
